// !$*UTF8*$!
{
	archiveVersion = 1;
	classes = {
	};
	objectVersion = 48;
	objects = {

/* Begin PBXBuildFile section */
		71343407201E131F0038C742 /* AppDelegate.swift in Sources */ = {isa = PBXBuildFile; fileRef = 71343406201E131F0038C742 /* AppDelegate.swift */; };
		71343409201E131F0038C742 /* ViewController.swift in Sources */ = {isa = PBXBuildFile; fileRef = 71343408201E131F0038C742 /* ViewController.swift */; };
		7134340C201E131F0038C742 /* Main.storyboard in Resources */ = {isa = PBXBuildFile; fileRef = 7134340A201E131F0038C742 /* Main.storyboard */; };
		7134340E201E131F0038C742 /* Assets.xcassets in Resources */ = {isa = PBXBuildFile; fileRef = 7134340D201E131F0038C742 /* Assets.xcassets */; };
		71343411201E131F0038C742 /* LaunchScreen.storyboard in Resources */ = {isa = PBXBuildFile; fileRef = 7134340F201E131F0038C742 /* LaunchScreen.storyboard */; };
		7134341C201E131F0038C742 /* terremotosTests.swift in Sources */ = {isa = PBXBuildFile; fileRef = 7134341B201E131F0038C742 /* terremotosTests.swift */; };
		71343427201E131F0038C742 /* terremotosUITests.swift in Sources */ = {isa = PBXBuildFile; fileRef = 71343426201E131F0038C742 /* terremotosUITests.swift */; };
		71662DA31A13AD6E6D5FF92D /* Pods_terremotos.framework in Frameworks */ = {isa = PBXBuildFile; fileRef = 3A9AFFEF37236EAC7B1F1193 /* Pods_terremotos.framework */; };
		717EBFDD20239BBF00FF46B8 /* Evento.swift in Sources */ = {isa = PBXBuildFile; fileRef = 717EBFDC20239BBF00FF46B8 /* Evento.swift */; };
		71B8F952202397530071D0A3 /* MainTabBarController.swift in Sources */ = {isa = PBXBuildFile; fileRef = 71B8F951202397530071D0A3 /* MainTabBarController.swift */; };
		C114B3952034B9C400863780 /* cbempty.png in Resources */ = {isa = PBXBuildFile; fileRef = C114B3942034B9C300863780 /* cbempty.png */; };
		C114B3972034B9E400863780 /* cbmarked.png in Resources */ = {isa = PBXBuildFile; fileRef = C114B3962034B9E300863780 /* cbmarked.png */; };
		C1C4DDAA2023ADF4002C2266 /* AyudaViewController.swift in Sources */ = {isa = PBXBuildFile; fileRef = C1C4DDA92023ADF4002C2266 /* AyudaViewController.swift */; };
		C1F4AD63202CB1A9006D15F9 /* map.png in Resources */ = {isa = PBXBuildFile; fileRef = C1F4AD62202CB1A9006D15F9 /* map.png */; };
		C1F4AD65202CB1BC006D15F9 /* ayuda.png in Resources */ = {isa = PBXBuildFile; fileRef = C1F4AD64202CB1BC006D15F9 /* ayuda.png */; };
		C1F4AD67202CB1D1006D15F9 /* ajustes.png in Resources */ = {isa = PBXBuildFile; fileRef = C1F4AD66202CB1D1006D15F9 /* ajustes.png */; };
		C1F4AD83202CC8A8006D15F9 /* lista.png in Resources */ = {isa = PBXBuildFile; fileRef = C1F4AD82202CC8A7006D15F9 /* lista.png */; };
/* End PBXBuildFile section */

/* Begin PBXContainerItemProxy section */
		71343418201E131F0038C742 /* PBXContainerItemProxy */ = {
			isa = PBXContainerItemProxy;
			containerPortal = 713433FB201E131F0038C742 /* Project object */;
			proxyType = 1;
			remoteGlobalIDString = 71343402201E131F0038C742;
			remoteInfo = terremotos;
		};
		71343423201E131F0038C742 /* PBXContainerItemProxy */ = {
			isa = PBXContainerItemProxy;
			containerPortal = 713433FB201E131F0038C742 /* Project object */;
			proxyType = 1;
			remoteGlobalIDString = 71343402201E131F0038C742;
			remoteInfo = terremotos;
		};
/* End PBXContainerItemProxy section */

/* Begin PBXFileReference section */
		3A9AFFEF37236EAC7B1F1193 /* Pods_terremotos.framework */ = {isa = PBXFileReference; explicitFileType = wrapper.framework; includeInIndex = 0; path = Pods_terremotos.framework; sourceTree = BUILT_PRODUCTS_DIR; };
		71343403201E131F0038C742 /* terremotos.app */ = {isa = PBXFileReference; explicitFileType = wrapper.application; includeInIndex = 0; path = terremotos.app; sourceTree = BUILT_PRODUCTS_DIR; };
		71343406201E131F0038C742 /* AppDelegate.swift */ = {isa = PBXFileReference; lastKnownFileType = sourcecode.swift; path = AppDelegate.swift; sourceTree = "<group>"; };
		71343408201E131F0038C742 /* ViewController.swift */ = {isa = PBXFileReference; lastKnownFileType = sourcecode.swift; path = ViewController.swift; sourceTree = "<group>"; };
		7134340B201E131F0038C742 /* Base */ = {isa = PBXFileReference; lastKnownFileType = file.storyboard; name = Base; path = Base.lproj/Main.storyboard; sourceTree = "<group>"; };
		7134340D201E131F0038C742 /* Assets.xcassets */ = {isa = PBXFileReference; lastKnownFileType = folder.assetcatalog; path = Assets.xcassets; sourceTree = "<group>"; };
		71343410201E131F0038C742 /* Base */ = {isa = PBXFileReference; lastKnownFileType = file.storyboard; name = Base; path = Base.lproj/LaunchScreen.storyboard; sourceTree = "<group>"; };
		71343412201E131F0038C742 /* Info.plist */ = {isa = PBXFileReference; lastKnownFileType = text.plist.xml; path = Info.plist; sourceTree = "<group>"; };
		71343417201E131F0038C742 /* terremotosTests.xctest */ = {isa = PBXFileReference; explicitFileType = wrapper.cfbundle; includeInIndex = 0; path = terremotosTests.xctest; sourceTree = BUILT_PRODUCTS_DIR; };
		7134341B201E131F0038C742 /* terremotosTests.swift */ = {isa = PBXFileReference; lastKnownFileType = sourcecode.swift; path = terremotosTests.swift; sourceTree = "<group>"; };
		7134341D201E131F0038C742 /* Info.plist */ = {isa = PBXFileReference; lastKnownFileType = text.plist.xml; path = Info.plist; sourceTree = "<group>"; };
		71343422201E131F0038C742 /* terremotosUITests.xctest */ = {isa = PBXFileReference; explicitFileType = wrapper.cfbundle; includeInIndex = 0; path = terremotosUITests.xctest; sourceTree = BUILT_PRODUCTS_DIR; };
		71343426201E131F0038C742 /* terremotosUITests.swift */ = {isa = PBXFileReference; lastKnownFileType = sourcecode.swift; path = terremotosUITests.swift; sourceTree = "<group>"; };
		71343428201E131F0038C742 /* Info.plist */ = {isa = PBXFileReference; lastKnownFileType = text.plist.xml; path = Info.plist; sourceTree = "<group>"; };
		717EBFDC20239BBF00FF46B8 /* Evento.swift */ = {isa = PBXFileReference; lastKnownFileType = sourcecode.swift; path = Evento.swift; sourceTree = "<group>"; };
		71B8F951202397530071D0A3 /* MainTabBarController.swift */ = {isa = PBXFileReference; lastKnownFileType = sourcecode.swift; path = MainTabBarController.swift; sourceTree = "<group>"; };
		84058EA80A582636359A7262 /* Pods-terremotos.debug.xcconfig */ = {isa = PBXFileReference; includeInIndex = 1; lastKnownFileType = text.xcconfig; name = "Pods-terremotos.debug.xcconfig"; path = "Pods/Target Support Files/Pods-terremotos/Pods-terremotos.debug.xcconfig"; sourceTree = "<group>"; };
		BC738F5C3A1CAE8154E29041 /* Pods-terremotos.release.xcconfig */ = {isa = PBXFileReference; includeInIndex = 1; lastKnownFileType = text.xcconfig; name = "Pods-terremotos.release.xcconfig"; path = "Pods/Target Support Files/Pods-terremotos/Pods-terremotos.release.xcconfig"; sourceTree = "<group>"; };
		C114B3942034B9C300863780 /* cbempty.png */ = {isa = PBXFileReference; lastKnownFileType = image.png; path = cbempty.png; sourceTree = "<group>"; };
		C114B3962034B9E300863780 /* cbmarked.png */ = {isa = PBXFileReference; lastKnownFileType = image.png; path = cbmarked.png; sourceTree = "<group>"; };
		C1C4DDA92023ADF4002C2266 /* AyudaViewController.swift */ = {isa = PBXFileReference; lastKnownFileType = sourcecode.swift; path = AyudaViewController.swift; sourceTree = "<group>"; };
		C1F4AD62202CB1A9006D15F9 /* map.png */ = {isa = PBXFileReference; lastKnownFileType = image.png; name = map.png; path = "Imágenes/map.png"; sourceTree = SOURCE_ROOT; };
		C1F4AD64202CB1BC006D15F9 /* ayuda.png */ = {isa = PBXFileReference; lastKnownFileType = image.png; name = ayuda.png; path = "Imágenes/ayuda.png"; sourceTree = SOURCE_ROOT; };
		C1F4AD66202CB1D1006D15F9 /* ajustes.png */ = {isa = PBXFileReference; lastKnownFileType = image.png; name = ajustes.png; path = "Imágenes/ajustes.png"; sourceTree = SOURCE_ROOT; };
		C1F4AD82202CC8A7006D15F9 /* lista.png */ = {isa = PBXFileReference; lastKnownFileType = image.png; path = lista.png; sourceTree = "<group>"; };
/* End PBXFileReference section */

/* Begin PBXFrameworksBuildPhase section */
		71343400201E131F0038C742 /* Frameworks */ = {
			isa = PBXFrameworksBuildPhase;
			buildActionMask = 2147483647;
			files = (
				71662DA31A13AD6E6D5FF92D /* Pods_terremotos.framework in Frameworks */,
			);
			runOnlyForDeploymentPostprocessing = 0;
		};
		71343414201E131F0038C742 /* Frameworks */ = {
			isa = PBXFrameworksBuildPhase;
			buildActionMask = 2147483647;
			files = (
			);
			runOnlyForDeploymentPostprocessing = 0;
		};
		7134341F201E131F0038C742 /* Frameworks */ = {
			isa = PBXFrameworksBuildPhase;
			buildActionMask = 2147483647;
			files = (
			);
			runOnlyForDeploymentPostprocessing = 0;
		};
/* End PBXFrameworksBuildPhase section */

/* Begin PBXGroup section */
		389E8897E1FAE86D74438E84 /* Pods */ = {
			isa = PBXGroup;
			children = (
				84058EA80A582636359A7262 /* Pods-terremotos.debug.xcconfig */,
				BC738F5C3A1CAE8154E29041 /* Pods-terremotos.release.xcconfig */,
			);
			name = Pods;
			sourceTree = "<group>";
		};
		713433FA201E131F0038C742 = {
			isa = PBXGroup;
			children = (
				71343405201E131F0038C742 /* terremotos */,
				7134341A201E131F0038C742 /* terremotosTests */,
				71343425201E131F0038C742 /* terremotosUITests */,
				71343404201E131F0038C742 /* Products */,
				389E8897E1FAE86D74438E84 /* Pods */,
				883AFDECCF9EE80D294F1C02 /* Frameworks */,
			);
			sourceTree = "<group>";
		};
		71343404201E131F0038C742 /* Products */ = {
			isa = PBXGroup;
			children = (
				71343403201E131F0038C742 /* terremotos.app */,
				71343417201E131F0038C742 /* terremotosTests.xctest */,
				71343422201E131F0038C742 /* terremotosUITests.xctest */,
			);
			name = Products;
			sourceTree = "<group>";
		};
		71343405201E131F0038C742 /* terremotos */ = {
			isa = PBXGroup;
			children = (
				71343406201E131F0038C742 /* AppDelegate.swift */,
				71343408201E131F0038C742 /* ViewController.swift */,
				7134340A201E131F0038C742 /* Main.storyboard */,
				7134340D201E131F0038C742 /* Assets.xcassets */,
				C1F4AD64202CB1BC006D15F9 /* ayuda.png */,
				C1F4AD82202CC8A7006D15F9 /* lista.png */,
				C1F4AD62202CB1A9006D15F9 /* map.png */,
				C114B3942034B9C300863780 /* cbempty.png */,
				C1F4AD66202CB1D1006D15F9 /* ajustes.png */,
				C114B3962034B9E300863780 /* cbmarked.png */,
				7134340F201E131F0038C742 /* LaunchScreen.storyboard */,
				71343412201E131F0038C742 /* Info.plist */,
				71B8F951202397530071D0A3 /* MainTabBarController.swift */,
				717EBFDC20239BBF00FF46B8 /* Evento.swift */,
				C1C4DDA92023ADF4002C2266 /* AyudaViewController.swift */,
			);
			path = terremotos;
			sourceTree = "<group>";
		};
		7134341A201E131F0038C742 /* terremotosTests */ = {
			isa = PBXGroup;
			children = (
				7134341B201E131F0038C742 /* terremotosTests.swift */,
				7134341D201E131F0038C742 /* Info.plist */,
			);
			path = terremotosTests;
			sourceTree = "<group>";
		};
		71343425201E131F0038C742 /* terremotosUITests */ = {
			isa = PBXGroup;
			children = (
				71343426201E131F0038C742 /* terremotosUITests.swift */,
				71343428201E131F0038C742 /* Info.plist */,
			);
			path = terremotosUITests;
			sourceTree = "<group>";
		};
		883AFDECCF9EE80D294F1C02 /* Frameworks */ = {
			isa = PBXGroup;
			children = (
				3A9AFFEF37236EAC7B1F1193 /* Pods_terremotos.framework */,
			);
			name = Frameworks;
			sourceTree = "<group>";
		};
/* End PBXGroup section */

/* Begin PBXNativeTarget section */
		71343402201E131F0038C742 /* terremotos */ = {
			isa = PBXNativeTarget;
			buildConfigurationList = 7134342B201E131F0038C742 /* Build configuration list for PBXNativeTarget "terremotos" */;
			buildPhases = (
				B0E318ACBE7DAFCCA9ADFC12 /* [CP] Check Pods Manifest.lock */,
				713433FF201E131F0038C742 /* Sources */,
				71343400201E131F0038C742 /* Frameworks */,
				71343401201E131F0038C742 /* Resources */,
				A02AA6615FDD2F2C8BBADA81 /* [CP] Embed Pods Frameworks */,
				A0FE733389ED7A15DF467519 /* [CP] Copy Pods Resources */,
			);
			buildRules = (
			);
			dependencies = (
			);
			name = terremotos;
			productName = terremotos;
			productReference = 71343403201E131F0038C742 /* terremotos.app */;
			productType = "com.apple.product-type.application";
		};
		71343416201E131F0038C742 /* terremotosTests */ = {
			isa = PBXNativeTarget;
			buildConfigurationList = 7134342E201E131F0038C742 /* Build configuration list for PBXNativeTarget "terremotosTests" */;
			buildPhases = (
				71343413201E131F0038C742 /* Sources */,
				71343414201E131F0038C742 /* Frameworks */,
				71343415201E131F0038C742 /* Resources */,
			);
			buildRules = (
			);
			dependencies = (
				71343419201E131F0038C742 /* PBXTargetDependency */,
			);
			name = terremotosTests;
			productName = terremotosTests;
			productReference = 71343417201E131F0038C742 /* terremotosTests.xctest */;
			productType = "com.apple.product-type.bundle.unit-test";
		};
		71343421201E131F0038C742 /* terremotosUITests */ = {
			isa = PBXNativeTarget;
			buildConfigurationList = 71343431201E131F0038C742 /* Build configuration list for PBXNativeTarget "terremotosUITests" */;
			buildPhases = (
				7134341E201E131F0038C742 /* Sources */,
				7134341F201E131F0038C742 /* Frameworks */,
				71343420201E131F0038C742 /* Resources */,
			);
			buildRules = (
			);
			dependencies = (
				71343424201E131F0038C742 /* PBXTargetDependency */,
			);
			name = terremotosUITests;
			productName = terremotosUITests;
			productReference = 71343422201E131F0038C742 /* terremotosUITests.xctest */;
			productType = "com.apple.product-type.bundle.ui-testing";
		};
/* End PBXNativeTarget section */

/* Begin PBXProject section */
		713433FB201E131F0038C742 /* Project object */ = {
			isa = PBXProject;
			attributes = {
				LastSwiftUpdateCheck = 0910;
				LastUpgradeCheck = 0910;
				ORGANIZATIONNAME = grupoA;
				TargetAttributes = {
					71343402201E131F0038C742 = {
						CreatedOnToolsVersion = 9.1;
						ProvisioningStyle = Automatic;
					};
					71343416201E131F0038C742 = {
						CreatedOnToolsVersion = 9.1;
						ProvisioningStyle = Automatic;
						TestTargetID = 71343402201E131F0038C742;
					};
					71343421201E131F0038C742 = {
						CreatedOnToolsVersion = 9.1;
						ProvisioningStyle = Automatic;
						TestTargetID = 71343402201E131F0038C742;
					};
				};
			};
			buildConfigurationList = 713433FE201E131F0038C742 /* Build configuration list for PBXProject "terremotos" */;
			compatibilityVersion = "Xcode 8.0";
			developmentRegion = en;
			hasScannedForEncodings = 0;
			knownRegions = (
				en,
				Base,
			);
			mainGroup = 713433FA201E131F0038C742;
			productRefGroup = 71343404201E131F0038C742 /* Products */;
			projectDirPath = "";
			projectRoot = "";
			targets = (
				71343402201E131F0038C742 /* terremotos */,
				71343416201E131F0038C742 /* terremotosTests */,
				71343421201E131F0038C742 /* terremotosUITests */,
			);
		};
/* End PBXProject section */

/* Begin PBXResourcesBuildPhase section */
		71343401201E131F0038C742 /* Resources */ = {
			isa = PBXResourcesBuildPhase;
			buildActionMask = 2147483647;
			files = (
				C114B3972034B9E400863780 /* cbmarked.png in Resources */,
				71343411201E131F0038C742 /* LaunchScreen.storyboard in Resources */,
				7134340E201E131F0038C742 /* Assets.xcassets in Resources */,
				C1F4AD63202CB1A9006D15F9 /* map.png in Resources */,
				7134340C201E131F0038C742 /* Main.storyboard in Resources */,
				C114B3952034B9C400863780 /* cbempty.png in Resources */,
				C1F4AD65202CB1BC006D15F9 /* ayuda.png in Resources */,
				C1F4AD67202CB1D1006D15F9 /* ajustes.png in Resources */,
				C1F4AD83202CC8A8006D15F9 /* lista.png in Resources */,
			);
			runOnlyForDeploymentPostprocessing = 0;
		};
		71343415201E131F0038C742 /* Resources */ = {
			isa = PBXResourcesBuildPhase;
			buildActionMask = 2147483647;
			files = (
			);
			runOnlyForDeploymentPostprocessing = 0;
		};
		71343420201E131F0038C742 /* Resources */ = {
			isa = PBXResourcesBuildPhase;
			buildActionMask = 2147483647;
			files = (
			);
			runOnlyForDeploymentPostprocessing = 0;
		};
/* End PBXResourcesBuildPhase section */

/* Begin PBXShellScriptBuildPhase section */
		A02AA6615FDD2F2C8BBADA81 /* [CP] Embed Pods Frameworks */ = {
			isa = PBXShellScriptBuildPhase;
			buildActionMask = 2147483647;
			files = (
			);
			inputPaths = (
				"${SRCROOT}/Pods/Target Support Files/Pods-terremotos/Pods-terremotos-frameworks.sh",
				"${BUILT_PRODUCTS_DIR}/Alamofire/Alamofire.framework",
				"${BUILT_PRODUCTS_DIR}/Eureka/Eureka.framework",
				"${BUILT_PRODUCTS_DIR}/SwiftyJSON/SwiftyJSON.framework",
			);
			name = "[CP] Embed Pods Frameworks";
			outputPaths = (
				"${TARGET_BUILD_DIR}/${FRAMEWORKS_FOLDER_PATH}/Alamofire.framework",
				"${TARGET_BUILD_DIR}/${FRAMEWORKS_FOLDER_PATH}/Eureka.framework",
				"${TARGET_BUILD_DIR}/${FRAMEWORKS_FOLDER_PATH}/SwiftyJSON.framework",
			);
			runOnlyForDeploymentPostprocessing = 0;
			shellPath = /bin/sh;
			shellScript = "\"${SRCROOT}/Pods/Target Support Files/Pods-terremotos/Pods-terremotos-frameworks.sh\"\n";
			showEnvVarsInLog = 0;
		};
		A0FE733389ED7A15DF467519 /* [CP] Copy Pods Resources */ = {
			isa = PBXShellScriptBuildPhase;
			buildActionMask = 2147483647;
			files = (
			);
			inputPaths = (
			);
			name = "[CP] Copy Pods Resources";
			outputPaths = (
			);
			runOnlyForDeploymentPostprocessing = 0;
			shellPath = /bin/sh;
			shellScript = "\"${SRCROOT}/Pods/Target Support Files/Pods-terremotos/Pods-terremotos-resources.sh\"\n";
			showEnvVarsInLog = 0;
		};
		B0E318ACBE7DAFCCA9ADFC12 /* [CP] Check Pods Manifest.lock */ = {
			isa = PBXShellScriptBuildPhase;
			buildActionMask = 2147483647;
			files = (
			);
			inputPaths = (
				"${PODS_PODFILE_DIR_PATH}/Podfile.lock",
				"${PODS_ROOT}/Manifest.lock",
			);
			name = "[CP] Check Pods Manifest.lock";
			outputPaths = (
				"$(DERIVED_FILE_DIR)/Pods-terremotos-checkManifestLockResult.txt",
			);
			runOnlyForDeploymentPostprocessing = 0;
			shellPath = /bin/sh;
			shellScript = "diff \"${PODS_PODFILE_DIR_PATH}/Podfile.lock\" \"${PODS_ROOT}/Manifest.lock\" > /dev/null\nif [ $? != 0 ] ; then\n    # print error to STDERR\n    echo \"error: The sandbox is not in sync with the Podfile.lock. Run 'pod install' or update your CocoaPods installation.\" >&2\n    exit 1\nfi\n# This output is used by Xcode 'outputs' to avoid re-running this script phase.\necho \"SUCCESS\" > \"${SCRIPT_OUTPUT_FILE_0}\"\n";
			showEnvVarsInLog = 0;
		};
/* End PBXShellScriptBuildPhase section */

/* Begin PBXSourcesBuildPhase section */
		713433FF201E131F0038C742 /* Sources */ = {
			isa = PBXSourcesBuildPhase;
			buildActionMask = 2147483647;
			files = (
				717EBFDD20239BBF00FF46B8 /* Evento.swift in Sources */,
				71343409201E131F0038C742 /* ViewController.swift in Sources */,
				71343407201E131F0038C742 /* AppDelegate.swift in Sources */,
				71B8F952202397530071D0A3 /* MainTabBarController.swift in Sources */,
				C1C4DDAA2023ADF4002C2266 /* AyudaViewController.swift in Sources */,
			);
			runOnlyForDeploymentPostprocessing = 0;
		};
		71343413201E131F0038C742 /* Sources */ = {
			isa = PBXSourcesBuildPhase;
			buildActionMask = 2147483647;
			files = (
				7134341C201E131F0038C742 /* terremotosTests.swift in Sources */,
			);
			runOnlyForDeploymentPostprocessing = 0;
		};
		7134341E201E131F0038C742 /* Sources */ = {
			isa = PBXSourcesBuildPhase;
			buildActionMask = 2147483647;
			files = (
				71343427201E131F0038C742 /* terremotosUITests.swift in Sources */,
			);
			runOnlyForDeploymentPostprocessing = 0;
		};
/* End PBXSourcesBuildPhase section */

/* Begin PBXTargetDependency section */
		71343419201E131F0038C742 /* PBXTargetDependency */ = {
			isa = PBXTargetDependency;
			target = 71343402201E131F0038C742 /* terremotos */;
			targetProxy = 71343418201E131F0038C742 /* PBXContainerItemProxy */;
		};
		71343424201E131F0038C742 /* PBXTargetDependency */ = {
			isa = PBXTargetDependency;
			target = 71343402201E131F0038C742 /* terremotos */;
			targetProxy = 71343423201E131F0038C742 /* PBXContainerItemProxy */;
		};
/* End PBXTargetDependency section */

/* Begin PBXVariantGroup section */
		7134340A201E131F0038C742 /* Main.storyboard */ = {
			isa = PBXVariantGroup;
			children = (
				7134340B201E131F0038C742 /* Base */,
			);
			name = Main.storyboard;
			sourceTree = "<group>";
		};
		7134340F201E131F0038C742 /* LaunchScreen.storyboard */ = {
			isa = PBXVariantGroup;
			children = (
				71343410201E131F0038C742 /* Base */,
			);
			name = LaunchScreen.storyboard;
			sourceTree = "<group>";
		};
/* End PBXVariantGroup section */

/* Begin XCBuildConfiguration section */
		71343429201E131F0038C742 /* Debug */ = {
			isa = XCBuildConfiguration;
			buildSettings = {
				ALWAYS_SEARCH_USER_PATHS = NO;
				CLANG_ANALYZER_NONNULL = YES;
				CLANG_ANALYZER_NUMBER_OBJECT_CONVERSION = YES_AGGRESSIVE;
				CLANG_CXX_LANGUAGE_STANDARD = "gnu++14";
				CLANG_CXX_LIBRARY = "libc++";
				CLANG_ENABLE_MODULES = YES;
				CLANG_ENABLE_OBJC_ARC = YES;
				CLANG_WARN_BLOCK_CAPTURE_AUTORELEASING = YES;
				CLANG_WARN_BOOL_CONVERSION = YES;
				CLANG_WARN_COMMA = YES;
				CLANG_WARN_CONSTANT_CONVERSION = YES;
				CLANG_WARN_DIRECT_OBJC_ISA_USAGE = YES_ERROR;
				CLANG_WARN_DOCUMENTATION_COMMENTS = YES;
				CLANG_WARN_EMPTY_BODY = YES;
				CLANG_WARN_ENUM_CONVERSION = YES;
				CLANG_WARN_INFINITE_RECURSION = YES;
				CLANG_WARN_INT_CONVERSION = YES;
				CLANG_WARN_NON_LITERAL_NULL_CONVERSION = YES;
				CLANG_WARN_OBJC_LITERAL_CONVERSION = YES;
				CLANG_WARN_OBJC_ROOT_CLASS = YES_ERROR;
				CLANG_WARN_RANGE_LOOP_ANALYSIS = YES;
				CLANG_WARN_STRICT_PROTOTYPES = YES;
				CLANG_WARN_SUSPICIOUS_MOVE = YES;
				CLANG_WARN_UNGUARDED_AVAILABILITY = YES_AGGRESSIVE;
				CLANG_WARN_UNREACHABLE_CODE = YES;
				CLANG_WARN__DUPLICATE_METHOD_MATCH = YES;
				CODE_SIGN_IDENTITY = "iPhone Developer";
				COPY_PHASE_STRIP = NO;
				DEBUG_INFORMATION_FORMAT = dwarf;
				ENABLE_STRICT_OBJC_MSGSEND = YES;
				ENABLE_TESTABILITY = YES;
				GCC_C_LANGUAGE_STANDARD = gnu11;
				GCC_DYNAMIC_NO_PIC = NO;
				GCC_NO_COMMON_BLOCKS = YES;
				GCC_OPTIMIZATION_LEVEL = 0;
				GCC_PREPROCESSOR_DEFINITIONS = (
					"DEBUG=1",
					"$(inherited)",
				);
				GCC_WARN_64_TO_32_BIT_CONVERSION = YES;
				GCC_WARN_ABOUT_RETURN_TYPE = YES_ERROR;
				GCC_WARN_UNDECLARED_SELECTOR = YES;
				GCC_WARN_UNINITIALIZED_AUTOS = YES_AGGRESSIVE;
				GCC_WARN_UNUSED_FUNCTION = YES;
				GCC_WARN_UNUSED_VARIABLE = YES;
				IPHONEOS_DEPLOYMENT_TARGET = 11.1;
				MTL_ENABLE_DEBUG_INFO = YES;
				ONLY_ACTIVE_ARCH = YES;
				SDKROOT = iphoneos;
				SWIFT_ACTIVE_COMPILATION_CONDITIONS = DEBUG;
				SWIFT_OPTIMIZATION_LEVEL = "-Onone";
			};
			name = Debug;
		};
		7134342A201E131F0038C742 /* Release */ = {
			isa = XCBuildConfiguration;
			buildSettings = {
				ALWAYS_SEARCH_USER_PATHS = NO;
				CLANG_ANALYZER_NONNULL = YES;
				CLANG_ANALYZER_NUMBER_OBJECT_CONVERSION = YES_AGGRESSIVE;
				CLANG_CXX_LANGUAGE_STANDARD = "gnu++14";
				CLANG_CXX_LIBRARY = "libc++";
				CLANG_ENABLE_MODULES = YES;
				CLANG_ENABLE_OBJC_ARC = YES;
				CLANG_WARN_BLOCK_CAPTURE_AUTORELEASING = YES;
				CLANG_WARN_BOOL_CONVERSION = YES;
				CLANG_WARN_COMMA = YES;
				CLANG_WARN_CONSTANT_CONVERSION = YES;
				CLANG_WARN_DIRECT_OBJC_ISA_USAGE = YES_ERROR;
				CLANG_WARN_DOCUMENTATION_COMMENTS = YES;
				CLANG_WARN_EMPTY_BODY = YES;
				CLANG_WARN_ENUM_CONVERSION = YES;
				CLANG_WARN_INFINITE_RECURSION = YES;
				CLANG_WARN_INT_CONVERSION = YES;
				CLANG_WARN_NON_LITERAL_NULL_CONVERSION = YES;
				CLANG_WARN_OBJC_LITERAL_CONVERSION = YES;
				CLANG_WARN_OBJC_ROOT_CLASS = YES_ERROR;
				CLANG_WARN_RANGE_LOOP_ANALYSIS = YES;
				CLANG_WARN_STRICT_PROTOTYPES = YES;
				CLANG_WARN_SUSPICIOUS_MOVE = YES;
				CLANG_WARN_UNGUARDED_AVAILABILITY = YES_AGGRESSIVE;
				CLANG_WARN_UNREACHABLE_CODE = YES;
				CLANG_WARN__DUPLICATE_METHOD_MATCH = YES;
				CODE_SIGN_IDENTITY = "iPhone Developer";
				COPY_PHASE_STRIP = NO;
				DEBUG_INFORMATION_FORMAT = "dwarf-with-dsym";
				ENABLE_NS_ASSERTIONS = NO;
				ENABLE_STRICT_OBJC_MSGSEND = YES;
				GCC_C_LANGUAGE_STANDARD = gnu11;
				GCC_NO_COMMON_BLOCKS = YES;
				GCC_WARN_64_TO_32_BIT_CONVERSION = YES;
				GCC_WARN_ABOUT_RETURN_TYPE = YES_ERROR;
				GCC_WARN_UNDECLARED_SELECTOR = YES;
				GCC_WARN_UNINITIALIZED_AUTOS = YES_AGGRESSIVE;
				GCC_WARN_UNUSED_FUNCTION = YES;
				GCC_WARN_UNUSED_VARIABLE = YES;
				IPHONEOS_DEPLOYMENT_TARGET = 11.1;
				MTL_ENABLE_DEBUG_INFO = NO;
				SDKROOT = iphoneos;
				SWIFT_OPTIMIZATION_LEVEL = "-Owholemodule";
				VALIDATE_PRODUCT = YES;
			};
			name = Release;
		};
		7134342C201E131F0038C742 /* Debug */ = {
			isa = XCBuildConfiguration;
			baseConfigurationReference = 84058EA80A582636359A7262 /* Pods-terremotos.debug.xcconfig */;
			buildSettings = {
				ASSETCATALOG_COMPILER_APPICON_NAME = AppIcon;
				CODE_SIGN_STYLE = Automatic;
				INFOPLIST_FILE = terremotos/Info.plist;
				LD_RUNPATH_SEARCH_PATHS = "$(inherited) @executable_path/Frameworks";
				PRODUCT_BUNDLE_IDENTIFIER = grupoA.terremotos;
				PRODUCT_NAME = "$(TARGET_NAME)";
				SWIFT_VERSION = 4.0;
				TARGETED_DEVICE_FAMILY = "1,2";
			};
			name = Debug;
		};
		7134342D201E131F0038C742 /* Release */ = {
			isa = XCBuildConfiguration;
			baseConfigurationReference = BC738F5C3A1CAE8154E29041 /* Pods-terremotos.release.xcconfig */;
			buildSettings = {
				ASSETCATALOG_COMPILER_APPICON_NAME = AppIcon;
				CODE_SIGN_STYLE = Automatic;
				INFOPLIST_FILE = terremotos/Info.plist;
				LD_RUNPATH_SEARCH_PATHS = "$(inherited) @executable_path/Frameworks";
				PRODUCT_BUNDLE_IDENTIFIER = grupoA.terremotos;
				PRODUCT_NAME = "$(TARGET_NAME)";
				SWIFT_VERSION = 4.0;
				TARGETED_DEVICE_FAMILY = "1,2";
			};
			name = Release;
		};
		7134342F201E131F0038C742 /* Debug */ = {
			isa = XCBuildConfiguration;
			buildSettings = {
				ALWAYS_EMBED_SWIFT_STANDARD_LIBRARIES = YES;
				BUNDLE_LOADER = "$(TEST_HOST)";
				CODE_SIGN_IDENTITY = "iPhone Developer";
				"CODE_SIGN_IDENTITY[sdk=iphoneos*]" = "iPhone Developer";
				CODE_SIGN_STYLE = Automatic;
				DEVELOPMENT_TEAM = "";
				INFOPLIST_FILE = terremotosTests/Info.plist;
				LD_RUNPATH_SEARCH_PATHS = "$(inherited) @executable_path/Frameworks @loader_path/Frameworks";
				PRODUCT_BUNDLE_IDENTIFIER = grupoA.terremotosTests;
				PRODUCT_NAME = "$(TARGET_NAME)";
				PROVISIONING_PROFILE_SPECIFIER = "";
				SWIFT_VERSION = 4.0;
				TARGETED_DEVICE_FAMILY = "1,2";
				TEST_HOST = "$(BUILT_PRODUCTS_DIR)/terremotos.app/terremotos";
			};
			name = Debug;
		};
		71343430201E131F0038C742 /* Release */ = {
			isa = XCBuildConfiguration;
			buildSettings = {
				ALWAYS_EMBED_SWIFT_STANDARD_LIBRARIES = YES;
				BUNDLE_LOADER = "$(TEST_HOST)";
				CODE_SIGN_IDENTITY = "iPhone Developer";
				"CODE_SIGN_IDENTITY[sdk=iphoneos*]" = "iPhone Developer";
				CODE_SIGN_STYLE = Automatic;
				DEVELOPMENT_TEAM = "";
				INFOPLIST_FILE = terremotosTests/Info.plist;
				LD_RUNPATH_SEARCH_PATHS = "$(inherited) @executable_path/Frameworks @loader_path/Frameworks";
				PRODUCT_BUNDLE_IDENTIFIER = grupoA.terremotosTests;
				PRODUCT_NAME = "$(TARGET_NAME)";
				PROVISIONING_PROFILE_SPECIFIER = "";
				SWIFT_VERSION = 4.0;
				TARGETED_DEVICE_FAMILY = "1,2";
				TEST_HOST = "$(BUILT_PRODUCTS_DIR)/terremotos.app/terremotos";
			};
			name = Release;
		};
		71343432201E131F0038C742 /* Debug */ = {
			isa = XCBuildConfiguration;
			buildSettings = {
				ALWAYS_EMBED_SWIFT_STANDARD_LIBRARIES = YES;
				CODE_SIGN_STYLE = Automatic;
				INFOPLIST_FILE = terremotosUITests/Info.plist;
				LD_RUNPATH_SEARCH_PATHS = "$(inherited) @executable_path/Frameworks @loader_path/Frameworks";
				PRODUCT_BUNDLE_IDENTIFIER = grupoA.terremotosUITests;
				PRODUCT_NAME = "$(TARGET_NAME)";
				SWIFT_VERSION = 4.0;
				TARGETED_DEVICE_FAMILY = "1,2";
				TEST_TARGET_NAME = terremotos;
			};
			name = Debug;
		};
		71343433201E131F0038C742 /* Release */ = {
			isa = XCBuildConfiguration;
			buildSettings = {
				ALWAYS_EMBED_SWIFT_STANDARD_LIBRARIES = YES;
				CODE_SIGN_STYLE = Automatic;
				INFOPLIST_FILE = terremotosUITests/Info.plist;
				LD_RUNPATH_SEARCH_PATHS = "$(inherited) @executable_path/Frameworks @loader_path/Frameworks";
				PRODUCT_BUNDLE_IDENTIFIER = grupoA.terremotosUITests;
				PRODUCT_NAME = "$(TARGET_NAME)";
				SWIFT_VERSION = 4.0;
				TARGETED_DEVICE_FAMILY = "1,2";
				TEST_TARGET_NAME = terremotos;
			};
			name = Release;
		};
/* End XCBuildConfiguration section */

/* Begin XCConfigurationList section */
		713433FE201E131F0038C742 /* Build configuration list for PBXProject "terremotos" */ = {
			isa = XCConfigurationList;
			buildConfigurations = (
				71343429201E131F0038C742 /* Debug */,
				7134342A201E131F0038C742 /* Release */,
			);
			defaultConfigurationIsVisible = 0;
			defaultConfigurationName = Release;
		};
		7134342B201E131F0038C742 /* Build configuration list for PBXNativeTarget "terremotos" */ = {
			isa = XCConfigurationList;
			buildConfigurations = (
				7134342C201E131F0038C742 /* Debug */,
				7134342D201E131F0038C742 /* Release */,
			);
			defaultConfigurationIsVisible = 0;
			defaultConfigurationName = Release;
		};
		7134342E201E131F0038C742 /* Build configuration list for PBXNativeTarget "terremotosTests" */ = {
			isa = XCConfigurationList;
			buildConfigurations = (
				7134342F201E131F0038C742 /* Debug */,
				71343430201E131F0038C742 /* Release */,
			);
			defaultConfigurationIsVisible = 0;
			defaultConfigurationName = Release;
		};
		71343431201E131F0038C742 /* Build configuration list for PBXNativeTarget "terremotosUITests" */ = {
			isa = XCConfigurationList;
			buildConfigurations = (
				71343432201E131F0038C742 /* Debug */,
				71343433201E131F0038C742 /* Release */,
			);
			defaultConfigurationIsVisible = 0;
			defaultConfigurationName = Release;
		};
/* End XCConfigurationList section */
	};
	rootObject = 713433FB201E131F0038C742 /* Project object */;
}
